
Microsoft Visual Studio Solution File, Format Version 12.00
# Visual Studio Version 17
VisualStudioVersion = 17.1.32421.90
MinimumVisualStudioVersion = 10.0.40219.1
Project("{9A19103F-16F7-4668-BE54-9A1E7A4F7556}") = "BPSamples.CustomProperties", "BPSamples.CustomProperties\BPSamples.CustomProperties.csproj", "{B4F12C81-9801-4167-A4F7-D74D317712D2}"
EndProject
Project("{FAE04EC0-301F-11D3-BF4B-00C04F79EFBC}") = "BPSamples.Chat", "BPSamples.Chat\BPSamples.Chat.csproj", "{415AC72D-AB22-436F-AA6B-5E9790FF782A}"
EndProject
Project("{FAE04EC0-301F-11D3-BF4B-00C04F79EFBC}") = "BPSamples.GridViewExporting", "BPSamples.GridViewExporting\BPSamples.GridViewExporting.csproj", "{6BE7B249-2750-4019-9BB6-9C799E47FAE2}"
EndProject
Global
	GlobalSection(SolutionConfigurationPlatforms) = preSolution
		Debug|Any CPU = Debug|Any CPU
		Release|Any CPU = Release|Any CPU
	EndGlobalSection
	GlobalSection(ProjectConfigurationPlatforms) = postSolution
		{B4F12C81-9801-4167-A4F7-D74D317712D2}.Debug|Any CPU.ActiveCfg = Debug|Any CPU
		{B4F12C81-9801-4167-A4F7-D74D317712D2}.Debug|Any CPU.Build.0 = Debug|Any CPU
		{B4F12C81-9801-4167-A4F7-D74D317712D2}.Release|Any CPU.ActiveCfg = Release|Any CPU
		{B4F12C81-9801-4167-A4F7-D74D317712D2}.Release|Any CPU.Build.0 = Release|Any CPU
		{415AC72D-AB22-436F-AA6B-5E9790FF782A}.Debug|Any CPU.ActiveCfg = Debug|Any CPU
		{415AC72D-AB22-436F-AA6B-5E9790FF782A}.Debug|Any CPU.Build.0 = Debug|Any CPU
		{415AC72D-AB22-436F-AA6B-5E9790FF782A}.Release|Any CPU.ActiveCfg = Release|Any CPU
		{415AC72D-AB22-436F-AA6B-5E9790FF782A}.Release|Any CPU.Build.0 = Release|Any CPU
		{6BE7B249-2750-4019-9BB6-9C799E47FAE2}.Debug|Any CPU.ActiveCfg = Debug|Any CPU
		{6BE7B249-2750-4019-9BB6-9C799E47FAE2}.Debug|Any CPU.Build.0 = Debug|Any CPU
		{6BE7B249-2750-4019-9BB6-9C799E47FAE2}.Release|Any CPU.ActiveCfg = Release|Any CPU
		{6BE7B249-2750-4019-9BB6-9C799E47FAE2}.Release|Any CPU.Build.0 = Release|Any CPU
	EndGlobalSection
	GlobalSection(SolutionProperties) = preSolution
		HideSolutionNode = FALSE
	EndGlobalSection
	GlobalSection(ExtensibilityGlobals) = postSolution
		SolutionGuid = {5B96A4BA-5DF1-4C56-A240-420B37722703}
	EndGlobalSection
EndGlobal
